
Microsoft Visual Studio Solution File, Format Version 12.00
# Visual Studio Version 16
VisualStudioVersion = 16.0.30114.105
MinimumVisualStudioVersion = 10.0.40219.1
Project("{FAE04EC0-301F-11D3-BF4B-00C04F79EFBC}") = "R5T.F0018.Construction", "R5T.F0018.Construction\R5T.F0018.Construction.csproj", "{E5FBCAC5-41FB-418C-B382-3976CEC08D7E}"
EndProject
Project("{FAE04EC0-301F-11D3-BF4B-00C04F79EFBC}") = "R5T.F0018", "R5T.F0018\R5T.F0018.csproj", "{A2A67FA3-AA7F-45E2-BF0D-18D6D0F7415B}"
EndProject
Project("{2150E333-8FDC-42A3-9474-1A3956D46DE8}") = "_Dependencies", "_Dependencies", "{4F39A12B-DBA8-448F-B5BB-A923FF63A1CF}"
EndProject
Project("{9A19103F-16F7-4668-BE54-9A1E7A4F7556}") = "R5T.F0000", "..\..\R5T.F0000\source\R5T.F0000\R5T.F0000.csproj", "{69F165F9-C1B3-4275-A1EE-4DA525631841}"
EndProject
Project("{9A19103F-16F7-4668-BE54-9A1E7A4F7556}") = "R5T.F0002", "..\..\R5T.F0002\source\R5T.F0002\R5T.F0002.csproj", "{8673AD29-7A1D-4F13-B3AD-4D41C6724D59}"
EndProject
Project("{9A19103F-16F7-4668-BE54-9A1E7A4F7556}") = "R5T.NG0010", "..\..\R5T.NG0010\source\R5T.NG0010\R5T.NG0010.csproj", "{F2BAEAC5-2102-4DA5-8CFB-BC7E330B5864}"
EndProject
Project("{9A19103F-16F7-4668-BE54-9A1E7A4F7556}") = "R5T.T0131", "..\..\R5T.T0131\source\R5T.T0131\R5T.T0131.csproj", "{BA2C157D-394F-4357-99D6-8DB0E6765E69}"
EndProject
Project("{9A19103F-16F7-4668-BE54-9A1E7A4F7556}") = "R5T.T0132", "..\..\R5T.T0132\source\R5T.T0132\R5T.T0132.csproj", "{CE35802B-33C9-4CB5-816C-295B00B99A0F}"
EndProject
Project("{9A19103F-16F7-4668-BE54-9A1E7A4F7556}") = "R5T.T0142", "..\..\R5T.T0142\source\R5T.T0142\R5T.T0142.csproj", "{E3E8B93A-4635-4570-89D6-FE52D5EEF654}"
EndProject
Project("{9A19103F-16F7-4668-BE54-9A1E7A4F7556}") = "R5T.T0143", "..\..\R5T.T0143\source\R5T.T0143\R5T.T0143.csproj", "{20023CE2-AA29-4EF4-8521-A8F5B9A7D588}"
EndProject
Project("{9A19103F-16F7-4668-BE54-9A1E7A4F7556}") = "R5T.Y0000", "..\..\R5T.Y0000\source\R5T.Y0000\R5T.Y0000.csproj", "{C9DCD245-29DF-44DF-AED0-AEE91147FA10}"
EndProject
Project("{9A19103F-16F7-4668-BE54-9A1E7A4F7556}") = "R5T.Z0000", "..\..\R5T.Z0000\source\R5T.Z0000\R5T.Z0000.csproj", "{E84648AB-83E8-49D5-93C2-DD82E6E63763}"
EndProject
Global
	GlobalSection(NestedProjects) = preSolution
		{69F165F9-C1B3-4275-A1EE-4DA525631841} = {4F39A12B-DBA8-448F-B5BB-A923FF63A1CF}
		{8673AD29-7A1D-4F13-B3AD-4D41C6724D59} = {4F39A12B-DBA8-448F-B5BB-A923FF63A1CF}
		{F2BAEAC5-2102-4DA5-8CFB-BC7E330B5864} = {4F39A12B-DBA8-448F-B5BB-A923FF63A1CF}
		{BA2C157D-394F-4357-99D6-8DB0E6765E69} = {4F39A12B-DBA8-448F-B5BB-A923FF63A1CF}
		{CE35802B-33C9-4CB5-816C-295B00B99A0F} = {4F39A12B-DBA8-448F-B5BB-A923FF63A1CF}
		{E3E8B93A-4635-4570-89D6-FE52D5EEF654} = {4F39A12B-DBA8-448F-B5BB-A923FF63A1CF}
		{20023CE2-AA29-4EF4-8521-A8F5B9A7D588} = {4F39A12B-DBA8-448F-B5BB-A923FF63A1CF}
		{C9DCD245-29DF-44DF-AED0-AEE91147FA10} = {4F39A12B-DBA8-448F-B5BB-A923FF63A1CF}
		{E84648AB-83E8-49D5-93C2-DD82E6E63763} = {4F39A12B-DBA8-448F-B5BB-A923FF63A1CF}
	EndGlobalSection
	GlobalSection(SolutionConfigurationPlatforms) = preSolution
		Debug|Any CPU = Debug|Any CPU
		Debug|x64 = Debug|x64
		Debug|x86 = Debug|x86
		Release|Any CPU = Release|Any CPU
		Release|x64 = Release|x64
		Release|x86 = Release|x86
	EndGlobalSection
	GlobalSection(ProjectConfigurationPlatforms) = postSolution
		{E5FBCAC5-41FB-418C-B382-3976CEC08D7E}.Debug|Any CPU.ActiveCfg = Debug|Any CPU
		{E5FBCAC5-41FB-418C-B382-3976CEC08D7E}.Debug|Any CPU.Build.0 = Debug|Any CPU
		{E5FBCAC5-41FB-418C-B382-3976CEC08D7E}.Debug|x64.ActiveCfg = Debug|Any CPU
		{E5FBCAC5-41FB-418C-B382-3976CEC08D7E}.Debug|x64.Build.0 = Debug|Any CPU
		{E5FBCAC5-41FB-418C-B382-3976CEC08D7E}.Debug|x86.ActiveCfg = Debug|Any CPU
		{E5FBCAC5-41FB-418C-B382-3976CEC08D7E}.Debug|x86.Build.0 = Debug|Any CPU
		{E5FBCAC5-41FB-418C-B382-3976CEC08D7E}.Release|Any CPU.ActiveCfg = Release|Any CPU
		{E5FBCAC5-41FB-418C-B382-3976CEC08D7E}.Release|Any CPU.Build.0 = Release|Any CPU
		{E5FBCAC5-41FB-418C-B382-3976CEC08D7E}.Release|x64.ActiveCfg = Release|Any CPU
		{E5FBCAC5-41FB-418C-B382-3976CEC08D7E}.Release|x64.Build.0 = Release|Any CPU
		{E5FBCAC5-41FB-418C-B382-3976CEC08D7E}.Release|x86.ActiveCfg = Release|Any CPU
		{E5FBCAC5-41FB-418C-B382-3976CEC08D7E}.Release|x86.Build.0 = Release|Any CPU
		{A2A67FA3-AA7F-45E2-BF0D-18D6D0F7415B}.Debug|Any CPU.ActiveCfg = Debug|Any CPU
		{A2A67FA3-AA7F-45E2-BF0D-18D6D0F7415B}.Debug|Any CPU.Build.0 = Debug|Any CPU
		{A2A67FA3-AA7F-45E2-BF0D-18D6D0F7415B}.Debug|x64.ActiveCfg = Debug|Any CPU
		{A2A67FA3-AA7F-45E2-BF0D-18D6D0F7415B}.Debug|x64.Build.0 = Debug|Any CPU
		{A2A67FA3-AA7F-45E2-BF0D-18D6D0F7415B}.Debug|x86.ActiveCfg = Debug|Any CPU
		{A2A67FA3-AA7F-45E2-BF0D-18D6D0F7415B}.Debug|x86.Build.0 = Debug|Any CPU
		{A2A67FA3-AA7F-45E2-BF0D-18D6D0F7415B}.Release|Any CPU.ActiveCfg = Release|Any CPU
		{A2A67FA3-AA7F-45E2-BF0D-18D6D0F7415B}.Release|Any CPU.Build.0 = Release|Any CPU
		{A2A67FA3-AA7F-45E2-BF0D-18D6D0F7415B}.Release|x64.ActiveCfg = Release|Any CPU
		{A2A67FA3-AA7F-45E2-BF0D-18D6D0F7415B}.Release|x64.Build.0 = Release|Any CPU
		{A2A67FA3-AA7F-45E2-BF0D-18D6D0F7415B}.Release|x86.ActiveCfg = Release|Any CPU
		{A2A67FA3-AA7F-45E2-BF0D-18D6D0F7415B}.Release|x86.Build.0 = Release|Any CPU
		{69F165F9-C1B3-4275-A1EE-4DA525631841}.Debug|Any CPU.ActiveCfg = Debug|Any CPU
		{69F165F9-C1B3-4275-A1EE-4DA525631841}.Debug|Any CPU.Build.0 = Debug|Any CPU
		{69F165F9-C1B3-4275-A1EE-4DA525631841}.Debug|x64.ActiveCfg = Debug|Any CPU
		{69F165F9-C1B3-4275-A1EE-4DA525631841}.Debug|x64.Build.0 = Debug|Any CPU
		{69F165F9-C1B3-4275-A1EE-4DA525631841}.Debug|x86.ActiveCfg = Debug|Any CPU
		{69F165F9-C1B3-4275-A1EE-4DA525631841}.Debug|x86.Build.0 = Debug|Any CPU
		{69F165F9-C1B3-4275-A1EE-4DA525631841}.Release|Any CPU.ActiveCfg = Release|Any CPU
		{69F165F9-C1B3-4275-A1EE-4DA525631841}.Release|Any CPU.Build.0 = Release|Any CPU
		{69F165F9-C1B3-4275-A1EE-4DA525631841}.Release|x64.ActiveCfg = Release|Any CPU
		{69F165F9-C1B3-4275-A1EE-4DA525631841}.Release|x64.Build.0 = Release|Any CPU
		{69F165F9-C1B3-4275-A1EE-4DA525631841}.Release|x86.ActiveCfg = Release|Any CPU
		{69F165F9-C1B3-4275-A1EE-4DA525631841}.Release|x86.Build.0 = Release|Any CPU
		{8673AD29-7A1D-4F13-B3AD-4D41C6724D59}.Debug|Any CPU.ActiveCfg = Debug|Any CPU
		{8673AD29-7A1D-4F13-B3AD-4D41C6724D59}.Debug|Any CPU.Build.0 = Debug|Any CPU
		{8673AD29-7A1D-4F13-B3AD-4D41C6724D59}.Debug|x64.ActiveCfg = Debug|Any CPU
		{8673AD29-7A1D-4F13-B3AD-4D41C6724D59}.Debug|x64.Build.0 = Debug|Any CPU
		{8673AD29-7A1D-4F13-B3AD-4D41C6724D59}.Debug|x86.ActiveCfg = Debug|Any CPU
		{8673AD29-7A1D-4F13-B3AD-4D41C6724D59}.Debug|x86.Build.0 = Debug|Any CPU
		{8673AD29-7A1D-4F13-B3AD-4D41C6724D59}.Release|Any CPU.ActiveCfg = Release|Any CPU
		{8673AD29-7A1D-4F13-B3AD-4D41C6724D59}.Release|Any CPU.Build.0 = Release|Any CPU
		{8673AD29-7A1D-4F13-B3AD-4D41C6724D59}.Release|x64.ActiveCfg = Release|Any CPU
		{8673AD29-7A1D-4F13-B3AD-4D41C6724D59}.Release|x64.Build.0 = Release|Any CPU
		{8673AD29-7A1D-4F13-B3AD-4D41C6724D59}.Release|x86.ActiveCfg = Release|Any CPU
		{8673AD29-7A1D-4F13-B3AD-4D41C6724D59}.Release|x86.Build.0 = Release|Any CPU
		{F2BAEAC5-2102-4DA5-8CFB-BC7E330B5864}.Debug|Any CPU.ActiveCfg = Debug|Any CPU
		{F2BAEAC5-2102-4DA5-8CFB-BC7E330B5864}.Debug|Any CPU.Build.0 = Debug|Any CPU
		{F2BAEAC5-2102-4DA5-8CFB-BC7E330B5864}.Debug|x64.ActiveCfg = Debug|Any CPU
		{F2BAEAC5-2102-4DA5-8CFB-BC7E330B5864}.Debug|x64.Build.0 = Debug|Any CPU
		{F2BAEAC5-2102-4DA5-8CFB-BC7E330B5864}.Debug|x86.ActiveCfg = Debug|Any CPU
		{F2BAEAC5-2102-4DA5-8CFB-BC7E330B5864}.Debug|x86.Build.0 = Debug|Any CPU
		{F2BAEAC5-2102-4DA5-8CFB-BC7E330B5864}.Release|Any CPU.ActiveCfg = Release|Any CPU
		{F2BAEAC5-2102-4DA5-8CFB-BC7E330B5864}.Release|Any CPU.Build.0 = Release|Any CPU
		{F2BAEAC5-2102-4DA5-8CFB-BC7E330B5864}.Release|x64.ActiveCfg = Release|Any CPU
		{F2BAEAC5-2102-4DA5-8CFB-BC7E330B5864}.Release|x64.Build.0 = Release|Any CPU
		{F2BAEAC5-2102-4DA5-8CFB-BC7E330B5864}.Release|x86.ActiveCfg = Release|Any CPU
		{F2BAEAC5-2102-4DA5-8CFB-BC7E330B5864}.Release|x86.Build.0 = Release|Any CPU
		{BA2C157D-394F-4357-99D6-8DB0E6765E69}.Debug|Any CPU.ActiveCfg = Debug|Any CPU
		{BA2C157D-394F-4357-99D6-8DB0E6765E69}.Debug|Any CPU.Build.0 = Debug|Any CPU
		{BA2C157D-394F-4357-99D6-8DB0E6765E69}.Debug|x64.ActiveCfg = Debug|Any CPU
		{BA2C157D-394F-4357-99D6-8DB0E6765E69}.Debug|x64.Build.0 = Debug|Any CPU
		{BA2C157D-394F-4357-99D6-8DB0E6765E69}.Debug|x86.ActiveCfg = Debug|Any CPU
		{BA2C157D-394F-4357-99D6-8DB0E6765E69}.Debug|x86.Build.0 = Debug|Any CPU
		{BA2C157D-394F-4357-99D6-8DB0E6765E69}.Release|Any CPU.ActiveCfg = Release|Any CPU
		{BA2C157D-394F-4357-99D6-8DB0E6765E69}.Release|Any CPU.Build.0 = Release|Any CPU
		{BA2C157D-394F-4357-99D6-8DB0E6765E69}.Release|x64.ActiveCfg = Release|Any CPU
		{BA2C157D-394F-4357-99D6-8DB0E6765E69}.Release|x64.Build.0 = Release|Any CPU
		{BA2C157D-394F-4357-99D6-8DB0E6765E69}.Release|x86.ActiveCfg = Release|Any CPU
		{BA2C157D-394F-4357-99D6-8DB0E6765E69}.Release|x86.Build.0 = Release|Any CPU
		{CE35802B-33C9-4CB5-816C-295B00B99A0F}.Debug|Any CPU.ActiveCfg = Debug|Any CPU
		{CE35802B-33C9-4CB5-816C-295B00B99A0F}.Debug|Any CPU.Build.0 = Debug|Any CPU
		{CE35802B-33C9-4CB5-816C-295B00B99A0F}.Debug|x64.ActiveCfg = Debug|Any CPU
		{CE35802B-33C9-4CB5-816C-295B00B99A0F}.Debug|x64.Build.0 = Debug|Any CPU
		{CE35802B-33C9-4CB5-816C-295B00B99A0F}.Debug|x86.ActiveCfg = Debug|Any CPU
		{CE35802B-33C9-4CB5-816C-295B00B99A0F}.Debug|x86.Build.0 = Debug|Any CPU
		{CE35802B-33C9-4CB5-816C-295B00B99A0F}.Release|Any CPU.ActiveCfg = Release|Any CPU
		{CE35802B-33C9-4CB5-816C-295B00B99A0F}.Release|Any CPU.Build.0 = Release|Any CPU
		{CE35802B-33C9-4CB5-816C-295B00B99A0F}.Release|x64.ActiveCfg = Release|Any CPU
		{CE35802B-33C9-4CB5-816C-295B00B99A0F}.Release|x64.Build.0 = Release|Any CPU
		{CE35802B-33C9-4CB5-816C-295B00B99A0F}.Release|x86.ActiveCfg = Release|Any CPU
		{CE35802B-33C9-4CB5-816C-295B00B99A0F}.Release|x86.Build.0 = Release|Any CPU
		{E3E8B93A-4635-4570-89D6-FE52D5EEF654}.Debug|Any CPU.ActiveCfg = Debug|Any CPU
		{E3E8B93A-4635-4570-89D6-FE52D5EEF654}.Debug|Any CPU.Build.0 = Debug|Any CPU
		{E3E8B93A-4635-4570-89D6-FE52D5EEF654}.Debug|x64.ActiveCfg = Debug|Any CPU
		{E3E8B93A-4635-4570-89D6-FE52D5EEF654}.Debug|x64.Build.0 = Debug|Any CPU
		{E3E8B93A-4635-4570-89D6-FE52D5EEF654}.Debug|x86.ActiveCfg = Debug|Any CPU
		{E3E8B93A-4635-4570-89D6-FE52D5EEF654}.Debug|x86.Build.0 = Debug|Any CPU
		{E3E8B93A-4635-4570-89D6-FE52D5EEF654}.Release|Any CPU.ActiveCfg = Release|Any CPU
		{E3E8B93A-4635-4570-89D6-FE52D5EEF654}.Release|Any CPU.Build.0 = Release|Any CPU
		{E3E8B93A-4635-4570-89D6-FE52D5EEF654}.Release|x64.ActiveCfg = Release|Any CPU
		{E3E8B93A-4635-4570-89D6-FE52D5EEF654}.Release|x64.Build.0 = Release|Any CPU
		{E3E8B93A-4635-4570-89D6-FE52D5EEF654}.Release|x86.ActiveCfg = Release|Any CPU
		{E3E8B93A-4635-4570-89D6-FE52D5EEF654}.Release|x86.Build.0 = Release|Any CPU
		{20023CE2-AA29-4EF4-8521-A8F5B9A7D588}.Debug|Any CPU.ActiveCfg = Debug|Any CPU
		{20023CE2-AA29-4EF4-8521-A8F5B9A7D588}.Debug|Any CPU.Build.0 = Debug|Any CPU
		{20023CE2-AA29-4EF4-8521-A8F5B9A7D588}.Debug|x64.ActiveCfg = Debug|Any CPU
		{20023CE2-AA29-4EF4-8521-A8F5B9A7D588}.Debug|x64.Build.0 = Debug|Any CPU
		{20023CE2-AA29-4EF4-8521-A8F5B9A7D588}.Debug|x86.ActiveCfg = Debug|Any CPU
		{20023CE2-AA29-4EF4-8521-A8F5B9A7D588}.Debug|x86.Build.0 = Debug|Any CPU
		{20023CE2-AA29-4EF4-8521-A8F5B9A7D588}.Release|Any CPU.ActiveCfg = Release|Any CPU
		{20023CE2-AA29-4EF4-8521-A8F5B9A7D588}.Release|Any CPU.Build.0 = Release|Any CPU
		{20023CE2-AA29-4EF4-8521-A8F5B9A7D588}.Release|x64.ActiveCfg = Release|Any CPU
		{20023CE2-AA29-4EF4-8521-A8F5B9A7D588}.Release|x64.Build.0 = Release|Any CPU
		{20023CE2-AA29-4EF4-8521-A8F5B9A7D588}.Release|x86.ActiveCfg = Release|Any CPU
		{20023CE2-AA29-4EF4-8521-A8F5B9A7D588}.Release|x86.Build.0 = Release|Any CPU
		{C9DCD245-29DF-44DF-AED0-AEE91147FA10}.Debug|Any CPU.ActiveCfg = Debug|Any CPU
		{C9DCD245-29DF-44DF-AED0-AEE91147FA10}.Debug|Any CPU.Build.0 = Debug|Any CPU
		{C9DCD245-29DF-44DF-AED0-AEE91147FA10}.Debug|x64.ActiveCfg = Debug|Any CPU
		{C9DCD245-29DF-44DF-AED0-AEE91147FA10}.Debug|x64.Build.0 = Debug|Any CPU
		{C9DCD245-29DF-44DF-AED0-AEE91147FA10}.Debug|x86.ActiveCfg = Debug|Any CPU
		{C9DCD245-29DF-44DF-AED0-AEE91147FA10}.Debug|x86.Build.0 = Debug|Any CPU
		{C9DCD245-29DF-44DF-AED0-AEE91147FA10}.Release|Any CPU.ActiveCfg = Release|Any CPU
		{C9DCD245-29DF-44DF-AED0-AEE91147FA10}.Release|Any CPU.Build.0 = Release|Any CPU
		{C9DCD245-29DF-44DF-AED0-AEE91147FA10}.Release|x64.ActiveCfg = Release|Any CPU
		{C9DCD245-29DF-44DF-AED0-AEE91147FA10}.Release|x64.Build.0 = Release|Any CPU
		{C9DCD245-29DF-44DF-AED0-AEE91147FA10}.Release|x86.ActiveCfg = Release|Any CPU
		{C9DCD245-29DF-44DF-AED0-AEE91147FA10}.Release|x86.Build.0 = Release|Any CPU
		{E84648AB-83E8-49D5-93C2-DD82E6E63763}.Debug|Any CPU.ActiveCfg = Debug|Any CPU
		{E84648AB-83E8-49D5-93C2-DD82E6E63763}.Debug|Any CPU.Build.0 = Debug|Any CPU
		{E84648AB-83E8-49D5-93C2-DD82E6E63763}.Debug|x64.ActiveCfg = Debug|Any CPU
		{E84648AB-83E8-49D5-93C2-DD82E6E63763}.Debug|x64.Build.0 = Debug|Any CPU
		{E84648AB-83E8-49D5-93C2-DD82E6E63763}.Debug|x86.ActiveCfg = Debug|Any CPU
		{E84648AB-83E8-49D5-93C2-DD82E6E63763}.Debug|x86.Build.0 = Debug|Any CPU
		{E84648AB-83E8-49D5-93C2-DD82E6E63763}.Release|Any CPU.ActiveCfg = Release|Any CPU
		{E84648AB-83E8-49D5-93C2-DD82E6E63763}.Release|Any CPU.Build.0 = Release|Any CPU
		{E84648AB-83E8-49D5-93C2-DD82E6E63763}.Release|x64.ActiveCfg = Release|Any CPU
		{E84648AB-83E8-49D5-93C2-DD82E6E63763}.Release|x64.Build.0 = Release|Any CPU
		{E84648AB-83E8-49D5-93C2-DD82E6E63763}.Release|x86.ActiveCfg = Release|Any CPU
		{E84648AB-83E8-49D5-93C2-DD82E6E63763}.Release|x86.Build.0 = Release|Any CPU
	EndGlobalSection
	GlobalSection(SolutionProperties) = preSolution
		HideSolutionNode = FALSE
	EndGlobalSection
EndGlobal
