
Microsoft Visual Studio Solution File, Format Version 12.00
# Visual Studio Version 17
VisualStudioVersion = 17.2.32630.192
MinimumVisualStudioVersion = 10.0.40219.1
Project("{9A19103F-16F7-4668-BE54-9A1E7A4F7556}") = "R5T.F0018", "R5T.F0018\R5T.F0018.csproj", "{C626C937-21F5-426E-B4A5-B1DF014A6063}"
EndProject
Project("{2150E333-8FDC-42A3-9474-1A3956D46DE8}") = "_Dependencies", "_Dependencies", "{FB78168C-8B53-45A5-A590-7A1D6710A330}"
EndProject
Project("{9A19103F-16F7-4668-BE54-9A1E7A4F7556}") = "R5T.L0021", "..\..\R5T.L0021\source\R5T.L0021\R5T.L0021.csproj", "{07ED0E70-9AC4-4643-83E9-6EC6739623E1}"
EndProject
Project("{9A19103F-16F7-4668-BE54-9A1E7A4F7556}") = "R5T.T0132", "..\..\R5T.T0132\source\R5T.T0132\R5T.T0132.csproj", "{C0423AD2-4625-4601-BC8C-E6CD37FF3C77}"
EndProject
Project("{9A19103F-16F7-4668-BE54-9A1E7A4F7556}") = "R5T.T0041.X002", "..\..\R5T.T0041\source\R5T.T0041.X002\R5T.T0041.X002.csproj", "{0CADE0E3-08EF-41C5-AB54-7B88CC74D909}"
EndProject
Project("{9A19103F-16F7-4668-BE54-9A1E7A4F7556}") = "R5T.F0000", "..\..\R5T.F0000\source\R5T.F0000\R5T.F0000.csproj", "{18A73C6C-404C-4592-BFCF-8F718DB0CD3C}"
EndProject
Project("{9A19103F-16F7-4668-BE54-9A1E7A4F7556}") = "R5T.F0002", "..\..\R5T.F0002\source\R5T.F0002\R5T.F0002.csproj", "{214BA602-955A-4126-8BE9-AC03A2DFF630}"
EndProject
Project("{9A19103F-16F7-4668-BE54-9A1E7A4F7556}") = "R5T.Magyar.T002.X000", "..\..\R5T.Magyar\source\R5T.Magyar.T002.X000\R5T.Magyar.T002.X000.csproj", "{EA41033C-1A13-4E99-94F5-0761F9B6FC58}"
EndProject
Project("{9A19103F-16F7-4668-BE54-9A1E7A4F7556}") = "R5T.Magyar.T002", "..\..\R5T.Magyar\source\R5T.Magyar.T002\R5T.Magyar.T002.csproj", "{363191B4-7EFC-42FE-801A-29E57CA481B5}"
EndProject
Project("{9A19103F-16F7-4668-BE54-9A1E7A4F7556}") = "R5T.Magyar", "..\..\R5T.Magyar\source\R5T.Magyar\R5T.Magyar.csproj", "{1742F454-99D3-45DB-8AFC-A5FAE9D031D7}"
EndProject
Project("{9A19103F-16F7-4668-BE54-9A1E7A4F7556}") = "R5T.NG0010", "..\..\R5T.NG0010\source\R5T.NG0010\R5T.NG0010.csproj", "{790823F6-99B0-48BD-B5FE-F4A3DF31CB94}"
EndProject
Project("{9A19103F-16F7-4668-BE54-9A1E7A4F7556}") = "R5T.T0021.X003", "..\..\R5T.T0021\source\R5T.T0021.X003\R5T.T0021.X003.csproj", "{0F49050D-0888-42FB-86F7-782077DC007F}"
EndProject
Project("{9A19103F-16F7-4668-BE54-9A1E7A4F7556}") = "R5T.T0021", "..\..\R5T.T0021\source\R5T.T0021\R5T.T0021.csproj", "{347FB9D8-928F-4497-ABE6-94933E8EC845}"
EndProject
Project("{9A19103F-16F7-4668-BE54-9A1E7A4F7556}") = "R5T.T0039.T002", "..\..\R5T.T0039\source\R5T.T0039.T002\R5T.T0039.T002.csproj", "{DEB91A68-1211-4C8C-9C10-1C3778BB924C}"
EndProject
Project("{9A19103F-16F7-4668-BE54-9A1E7A4F7556}") = "R5T.T0041.X001", "..\..\R5T.T0041\source\R5T.T0041.X001\R5T.T0041.X001.csproj", "{72AE7819-DD6E-40CF-9794-DA7605121D9D}"
EndProject
Project("{9A19103F-16F7-4668-BE54-9A1E7A4F7556}") = "R5T.T0041", "..\..\R5T.T0041\source\R5T.T0041\R5T.T0041.csproj", "{2A3FDE1C-CD3F-48BE-80DC-8174E136AF3C}"
EndProject
Project("{9A19103F-16F7-4668-BE54-9A1E7A4F7556}") = "R5T.T0042.X001", "..\..\R5T.T0042\source\R5T.T0042.X001\R5T.T0042.X001.csproj", "{87D88C86-CA95-40F8-85E8-F4FFAA47E162}"
EndProject
Project("{9A19103F-16F7-4668-BE54-9A1E7A4F7556}") = "R5T.T0042", "..\..\R5T.T0042\source\R5T.T0042\R5T.T0042.csproj", "{314F3C25-DC11-4645-AD10-C51AD4F70D06}"
EndProject
Project("{9A19103F-16F7-4668-BE54-9A1E7A4F7556}") = "R5T.T0131", "..\..\R5T.T0131\source\R5T.T0131\R5T.T0131.csproj", "{6652D59B-0D58-4809-ADD4-EECEF67AF3C1}"
EndProject
Project("{9A19103F-16F7-4668-BE54-9A1E7A4F7556}") = "R5T.T0142", "..\..\R5T.T0142\source\R5T.T0142\R5T.T0142.csproj", "{C9CAABBD-A708-4482-9794-B027F41E778F}"
EndProject
Project("{9A19103F-16F7-4668-BE54-9A1E7A4F7556}") = "R5T.T0143", "..\..\R5T.T0143\source\R5T.T0143\R5T.T0143.csproj", "{1ADBF001-2690-4815-A18F-496E0EE44F8D}"
EndProject
Project("{9A19103F-16F7-4668-BE54-9A1E7A4F7556}") = "R5T.T0156", "..\..\R5T.T0156\source\R5T.T0156\R5T.T0156.csproj", "{1F1E873B-3BF6-4903-BB13-E4ED71C1860C}"
EndProject
Project("{9A19103F-16F7-4668-BE54-9A1E7A4F7556}") = "R5T.Y0000", "..\..\R5T.Y0000\source\R5T.Y0000\R5T.Y0000.csproj", "{CA53465E-9B0F-413D-B7D2-0D4EA6E1D733}"
EndProject
Project("{9A19103F-16F7-4668-BE54-9A1E7A4F7556}") = "R5T.Z0000", "..\..\R5T.Z0000\source\R5T.Z0000\R5T.Z0000.csproj", "{132E09DB-EF76-4218-86AD-EC801C520BC4}"
EndProject
Global
	GlobalSection(NestedProjects) = preSolution
		{07ED0E70-9AC4-4643-83E9-6EC6739623E1} = {FB78168C-8B53-45A5-A590-7A1D6710A330}
		{C0423AD2-4625-4601-BC8C-E6CD37FF3C77} = {FB78168C-8B53-45A5-A590-7A1D6710A330}
		{0CADE0E3-08EF-41C5-AB54-7B88CC74D909} = {FB78168C-8B53-45A5-A590-7A1D6710A330}
		{18A73C6C-404C-4592-BFCF-8F718DB0CD3C} = {FB78168C-8B53-45A5-A590-7A1D6710A330}
		{214BA602-955A-4126-8BE9-AC03A2DFF630} = {FB78168C-8B53-45A5-A590-7A1D6710A330}
		{EA41033C-1A13-4E99-94F5-0761F9B6FC58} = {FB78168C-8B53-45A5-A590-7A1D6710A330}
		{363191B4-7EFC-42FE-801A-29E57CA481B5} = {FB78168C-8B53-45A5-A590-7A1D6710A330}
		{1742F454-99D3-45DB-8AFC-A5FAE9D031D7} = {FB78168C-8B53-45A5-A590-7A1D6710A330}
		{790823F6-99B0-48BD-B5FE-F4A3DF31CB94} = {FB78168C-8B53-45A5-A590-7A1D6710A330}
		{0F49050D-0888-42FB-86F7-782077DC007F} = {FB78168C-8B53-45A5-A590-7A1D6710A330}
		{347FB9D8-928F-4497-ABE6-94933E8EC845} = {FB78168C-8B53-45A5-A590-7A1D6710A330}
		{DEB91A68-1211-4C8C-9C10-1C3778BB924C} = {FB78168C-8B53-45A5-A590-7A1D6710A330}
		{72AE7819-DD6E-40CF-9794-DA7605121D9D} = {FB78168C-8B53-45A5-A590-7A1D6710A330}
		{2A3FDE1C-CD3F-48BE-80DC-8174E136AF3C} = {FB78168C-8B53-45A5-A590-7A1D6710A330}
		{87D88C86-CA95-40F8-85E8-F4FFAA47E162} = {FB78168C-8B53-45A5-A590-7A1D6710A330}
		{314F3C25-DC11-4645-AD10-C51AD4F70D06} = {FB78168C-8B53-45A5-A590-7A1D6710A330}
		{6652D59B-0D58-4809-ADD4-EECEF67AF3C1} = {FB78168C-8B53-45A5-A590-7A1D6710A330}
		{C9CAABBD-A708-4482-9794-B027F41E778F} = {FB78168C-8B53-45A5-A590-7A1D6710A330}
		{1ADBF001-2690-4815-A18F-496E0EE44F8D} = {FB78168C-8B53-45A5-A590-7A1D6710A330}
		{1F1E873B-3BF6-4903-BB13-E4ED71C1860C} = {FB78168C-8B53-45A5-A590-7A1D6710A330}
		{CA53465E-9B0F-413D-B7D2-0D4EA6E1D733} = {FB78168C-8B53-45A5-A590-7A1D6710A330}
		{132E09DB-EF76-4218-86AD-EC801C520BC4} = {FB78168C-8B53-45A5-A590-7A1D6710A330}
	EndGlobalSection
	GlobalSection(SolutionConfigurationPlatforms) = preSolution
		Debug|Any CPU = Debug|Any CPU
		Debug|x64 = Debug|x64
		Debug|x86 = Debug|x86
		Release|Any CPU = Release|Any CPU
		Release|x64 = Release|x64
		Release|x86 = Release|x86
	EndGlobalSection
	GlobalSection(ProjectConfigurationPlatforms) = postSolution
		{C626C937-21F5-426E-B4A5-B1DF014A6063}.Debug|Any CPU.ActiveCfg = Debug|Any CPU
		{C626C937-21F5-426E-B4A5-B1DF014A6063}.Debug|Any CPU.Build.0 = Debug|Any CPU
		{C626C937-21F5-426E-B4A5-B1DF014A6063}.Debug|x64.ActiveCfg = Debug|Any CPU
		{C626C937-21F5-426E-B4A5-B1DF014A6063}.Debug|x64.Build.0 = Debug|Any CPU
		{C626C937-21F5-426E-B4A5-B1DF014A6063}.Debug|x86.ActiveCfg = Debug|Any CPU
		{C626C937-21F5-426E-B4A5-B1DF014A6063}.Debug|x86.Build.0 = Debug|Any CPU
		{C626C937-21F5-426E-B4A5-B1DF014A6063}.Release|Any CPU.ActiveCfg = Release|Any CPU
		{C626C937-21F5-426E-B4A5-B1DF014A6063}.Release|Any CPU.Build.0 = Release|Any CPU
		{C626C937-21F5-426E-B4A5-B1DF014A6063}.Release|x64.ActiveCfg = Release|Any CPU
		{C626C937-21F5-426E-B4A5-B1DF014A6063}.Release|x64.Build.0 = Release|Any CPU
		{C626C937-21F5-426E-B4A5-B1DF014A6063}.Release|x86.ActiveCfg = Release|Any CPU
		{C626C937-21F5-426E-B4A5-B1DF014A6063}.Release|x86.Build.0 = Release|Any CPU
		{07ED0E70-9AC4-4643-83E9-6EC6739623E1}.Debug|Any CPU.ActiveCfg = Debug|Any CPU
		{07ED0E70-9AC4-4643-83E9-6EC6739623E1}.Debug|Any CPU.Build.0 = Debug|Any CPU
		{07ED0E70-9AC4-4643-83E9-6EC6739623E1}.Debug|x64.ActiveCfg = Debug|Any CPU
		{07ED0E70-9AC4-4643-83E9-6EC6739623E1}.Debug|x64.Build.0 = Debug|Any CPU
		{07ED0E70-9AC4-4643-83E9-6EC6739623E1}.Debug|x86.ActiveCfg = Debug|Any CPU
		{07ED0E70-9AC4-4643-83E9-6EC6739623E1}.Debug|x86.Build.0 = Debug|Any CPU
		{07ED0E70-9AC4-4643-83E9-6EC6739623E1}.Release|Any CPU.ActiveCfg = Release|Any CPU
		{07ED0E70-9AC4-4643-83E9-6EC6739623E1}.Release|Any CPU.Build.0 = Release|Any CPU
		{07ED0E70-9AC4-4643-83E9-6EC6739623E1}.Release|x64.ActiveCfg = Release|Any CPU
		{07ED0E70-9AC4-4643-83E9-6EC6739623E1}.Release|x64.Build.0 = Release|Any CPU
		{07ED0E70-9AC4-4643-83E9-6EC6739623E1}.Release|x86.ActiveCfg = Release|Any CPU
		{07ED0E70-9AC4-4643-83E9-6EC6739623E1}.Release|x86.Build.0 = Release|Any CPU
		{C0423AD2-4625-4601-BC8C-E6CD37FF3C77}.Debug|Any CPU.ActiveCfg = Debug|Any CPU
		{C0423AD2-4625-4601-BC8C-E6CD37FF3C77}.Debug|Any CPU.Build.0 = Debug|Any CPU
		{C0423AD2-4625-4601-BC8C-E6CD37FF3C77}.Debug|x64.ActiveCfg = Debug|Any CPU
		{C0423AD2-4625-4601-BC8C-E6CD37FF3C77}.Debug|x64.Build.0 = Debug|Any CPU
		{C0423AD2-4625-4601-BC8C-E6CD37FF3C77}.Debug|x86.ActiveCfg = Debug|Any CPU
		{C0423AD2-4625-4601-BC8C-E6CD37FF3C77}.Debug|x86.Build.0 = Debug|Any CPU
		{C0423AD2-4625-4601-BC8C-E6CD37FF3C77}.Release|Any CPU.ActiveCfg = Release|Any CPU
		{C0423AD2-4625-4601-BC8C-E6CD37FF3C77}.Release|Any CPU.Build.0 = Release|Any CPU
		{C0423AD2-4625-4601-BC8C-E6CD37FF3C77}.Release|x64.ActiveCfg = Release|Any CPU
		{C0423AD2-4625-4601-BC8C-E6CD37FF3C77}.Release|x64.Build.0 = Release|Any CPU
		{C0423AD2-4625-4601-BC8C-E6CD37FF3C77}.Release|x86.ActiveCfg = Release|Any CPU
		{C0423AD2-4625-4601-BC8C-E6CD37FF3C77}.Release|x86.Build.0 = Release|Any CPU
		{0CADE0E3-08EF-41C5-AB54-7B88CC74D909}.Debug|Any CPU.ActiveCfg = Debug|Any CPU
		{0CADE0E3-08EF-41C5-AB54-7B88CC74D909}.Debug|Any CPU.Build.0 = Debug|Any CPU
		{0CADE0E3-08EF-41C5-AB54-7B88CC74D909}.Debug|x64.ActiveCfg = Debug|Any CPU
		{0CADE0E3-08EF-41C5-AB54-7B88CC74D909}.Debug|x64.Build.0 = Debug|Any CPU
		{0CADE0E3-08EF-41C5-AB54-7B88CC74D909}.Debug|x86.ActiveCfg = Debug|Any CPU
		{0CADE0E3-08EF-41C5-AB54-7B88CC74D909}.Debug|x86.Build.0 = Debug|Any CPU
		{0CADE0E3-08EF-41C5-AB54-7B88CC74D909}.Release|Any CPU.ActiveCfg = Release|Any CPU
		{0CADE0E3-08EF-41C5-AB54-7B88CC74D909}.Release|Any CPU.Build.0 = Release|Any CPU
		{0CADE0E3-08EF-41C5-AB54-7B88CC74D909}.Release|x64.ActiveCfg = Release|Any CPU
		{0CADE0E3-08EF-41C5-AB54-7B88CC74D909}.Release|x64.Build.0 = Release|Any CPU
		{0CADE0E3-08EF-41C5-AB54-7B88CC74D909}.Release|x86.ActiveCfg = Release|Any CPU
		{0CADE0E3-08EF-41C5-AB54-7B88CC74D909}.Release|x86.Build.0 = Release|Any CPU
		{18A73C6C-404C-4592-BFCF-8F718DB0CD3C}.Debug|Any CPU.ActiveCfg = Debug|Any CPU
		{18A73C6C-404C-4592-BFCF-8F718DB0CD3C}.Debug|Any CPU.Build.0 = Debug|Any CPU
		{18A73C6C-404C-4592-BFCF-8F718DB0CD3C}.Debug|x64.ActiveCfg = Debug|Any CPU
		{18A73C6C-404C-4592-BFCF-8F718DB0CD3C}.Debug|x64.Build.0 = Debug|Any CPU
		{18A73C6C-404C-4592-BFCF-8F718DB0CD3C}.Debug|x86.ActiveCfg = Debug|Any CPU
		{18A73C6C-404C-4592-BFCF-8F718DB0CD3C}.Debug|x86.Build.0 = Debug|Any CPU
		{18A73C6C-404C-4592-BFCF-8F718DB0CD3C}.Release|Any CPU.ActiveCfg = Release|Any CPU
		{18A73C6C-404C-4592-BFCF-8F718DB0CD3C}.Release|Any CPU.Build.0 = Release|Any CPU
		{18A73C6C-404C-4592-BFCF-8F718DB0CD3C}.Release|x64.ActiveCfg = Release|Any CPU
		{18A73C6C-404C-4592-BFCF-8F718DB0CD3C}.Release|x64.Build.0 = Release|Any CPU
		{18A73C6C-404C-4592-BFCF-8F718DB0CD3C}.Release|x86.ActiveCfg = Release|Any CPU
		{18A73C6C-404C-4592-BFCF-8F718DB0CD3C}.Release|x86.Build.0 = Release|Any CPU
		{214BA602-955A-4126-8BE9-AC03A2DFF630}.Debug|Any CPU.ActiveCfg = Debug|Any CPU
		{214BA602-955A-4126-8BE9-AC03A2DFF630}.Debug|Any CPU.Build.0 = Debug|Any CPU
		{214BA602-955A-4126-8BE9-AC03A2DFF630}.Debug|x64.ActiveCfg = Debug|Any CPU
		{214BA602-955A-4126-8BE9-AC03A2DFF630}.Debug|x64.Build.0 = Debug|Any CPU
		{214BA602-955A-4126-8BE9-AC03A2DFF630}.Debug|x86.ActiveCfg = Debug|Any CPU
		{214BA602-955A-4126-8BE9-AC03A2DFF630}.Debug|x86.Build.0 = Debug|Any CPU
		{214BA602-955A-4126-8BE9-AC03A2DFF630}.Release|Any CPU.ActiveCfg = Release|Any CPU
		{214BA602-955A-4126-8BE9-AC03A2DFF630}.Release|Any CPU.Build.0 = Release|Any CPU
		{214BA602-955A-4126-8BE9-AC03A2DFF630}.Release|x64.ActiveCfg = Release|Any CPU
		{214BA602-955A-4126-8BE9-AC03A2DFF630}.Release|x64.Build.0 = Release|Any CPU
		{214BA602-955A-4126-8BE9-AC03A2DFF630}.Release|x86.ActiveCfg = Release|Any CPU
		{214BA602-955A-4126-8BE9-AC03A2DFF630}.Release|x86.Build.0 = Release|Any CPU
		{EA41033C-1A13-4E99-94F5-0761F9B6FC58}.Debug|Any CPU.ActiveCfg = Debug|Any CPU
		{EA41033C-1A13-4E99-94F5-0761F9B6FC58}.Debug|Any CPU.Build.0 = Debug|Any CPU
		{EA41033C-1A13-4E99-94F5-0761F9B6FC58}.Debug|x64.ActiveCfg = Debug|Any CPU
		{EA41033C-1A13-4E99-94F5-0761F9B6FC58}.Debug|x64.Build.0 = Debug|Any CPU
		{EA41033C-1A13-4E99-94F5-0761F9B6FC58}.Debug|x86.ActiveCfg = Debug|Any CPU
		{EA41033C-1A13-4E99-94F5-0761F9B6FC58}.Debug|x86.Build.0 = Debug|Any CPU
		{EA41033C-1A13-4E99-94F5-0761F9B6FC58}.Release|Any CPU.ActiveCfg = Release|Any CPU
		{EA41033C-1A13-4E99-94F5-0761F9B6FC58}.Release|Any CPU.Build.0 = Release|Any CPU
		{EA41033C-1A13-4E99-94F5-0761F9B6FC58}.Release|x64.ActiveCfg = Release|Any CPU
		{EA41033C-1A13-4E99-94F5-0761F9B6FC58}.Release|x64.Build.0 = Release|Any CPU
		{EA41033C-1A13-4E99-94F5-0761F9B6FC58}.Release|x86.ActiveCfg = Release|Any CPU
		{EA41033C-1A13-4E99-94F5-0761F9B6FC58}.Release|x86.Build.0 = Release|Any CPU
		{363191B4-7EFC-42FE-801A-29E57CA481B5}.Debug|Any CPU.ActiveCfg = Debug|Any CPU
		{363191B4-7EFC-42FE-801A-29E57CA481B5}.Debug|Any CPU.Build.0 = Debug|Any CPU
		{363191B4-7EFC-42FE-801A-29E57CA481B5}.Debug|x64.ActiveCfg = Debug|Any CPU
		{363191B4-7EFC-42FE-801A-29E57CA481B5}.Debug|x64.Build.0 = Debug|Any CPU
		{363191B4-7EFC-42FE-801A-29E57CA481B5}.Debug|x86.ActiveCfg = Debug|Any CPU
		{363191B4-7EFC-42FE-801A-29E57CA481B5}.Debug|x86.Build.0 = Debug|Any CPU
		{363191B4-7EFC-42FE-801A-29E57CA481B5}.Release|Any CPU.ActiveCfg = Release|Any CPU
		{363191B4-7EFC-42FE-801A-29E57CA481B5}.Release|Any CPU.Build.0 = Release|Any CPU
		{363191B4-7EFC-42FE-801A-29E57CA481B5}.Release|x64.ActiveCfg = Release|Any CPU
		{363191B4-7EFC-42FE-801A-29E57CA481B5}.Release|x64.Build.0 = Release|Any CPU
		{363191B4-7EFC-42FE-801A-29E57CA481B5}.Release|x86.ActiveCfg = Release|Any CPU
		{363191B4-7EFC-42FE-801A-29E57CA481B5}.Release|x86.Build.0 = Release|Any CPU
		{1742F454-99D3-45DB-8AFC-A5FAE9D031D7}.Debug|Any CPU.ActiveCfg = Debug|Any CPU
		{1742F454-99D3-45DB-8AFC-A5FAE9D031D7}.Debug|Any CPU.Build.0 = Debug|Any CPU
		{1742F454-99D3-45DB-8AFC-A5FAE9D031D7}.Debug|x64.ActiveCfg = Debug|Any CPU
		{1742F454-99D3-45DB-8AFC-A5FAE9D031D7}.Debug|x64.Build.0 = Debug|Any CPU
		{1742F454-99D3-45DB-8AFC-A5FAE9D031D7}.Debug|x86.ActiveCfg = Debug|Any CPU
		{1742F454-99D3-45DB-8AFC-A5FAE9D031D7}.Debug|x86.Build.0 = Debug|Any CPU
		{1742F454-99D3-45DB-8AFC-A5FAE9D031D7}.Release|Any CPU.ActiveCfg = Release|Any CPU
		{1742F454-99D3-45DB-8AFC-A5FAE9D031D7}.Release|Any CPU.Build.0 = Release|Any CPU
		{1742F454-99D3-45DB-8AFC-A5FAE9D031D7}.Release|x64.ActiveCfg = Release|Any CPU
		{1742F454-99D3-45DB-8AFC-A5FAE9D031D7}.Release|x64.Build.0 = Release|Any CPU
		{1742F454-99D3-45DB-8AFC-A5FAE9D031D7}.Release|x86.ActiveCfg = Release|Any CPU
		{1742F454-99D3-45DB-8AFC-A5FAE9D031D7}.Release|x86.Build.0 = Release|Any CPU
		{790823F6-99B0-48BD-B5FE-F4A3DF31CB94}.Debug|Any CPU.ActiveCfg = Debug|Any CPU
		{790823F6-99B0-48BD-B5FE-F4A3DF31CB94}.Debug|Any CPU.Build.0 = Debug|Any CPU
		{790823F6-99B0-48BD-B5FE-F4A3DF31CB94}.Debug|x64.ActiveCfg = Debug|Any CPU
		{790823F6-99B0-48BD-B5FE-F4A3DF31CB94}.Debug|x64.Build.0 = Debug|Any CPU
		{790823F6-99B0-48BD-B5FE-F4A3DF31CB94}.Debug|x86.ActiveCfg = Debug|Any CPU
		{790823F6-99B0-48BD-B5FE-F4A3DF31CB94}.Debug|x86.Build.0 = Debug|Any CPU
		{790823F6-99B0-48BD-B5FE-F4A3DF31CB94}.Release|Any CPU.ActiveCfg = Release|Any CPU
		{790823F6-99B0-48BD-B5FE-F4A3DF31CB94}.Release|Any CPU.Build.0 = Release|Any CPU
		{790823F6-99B0-48BD-B5FE-F4A3DF31CB94}.Release|x64.ActiveCfg = Release|Any CPU
		{790823F6-99B0-48BD-B5FE-F4A3DF31CB94}.Release|x64.Build.0 = Release|Any CPU
		{790823F6-99B0-48BD-B5FE-F4A3DF31CB94}.Release|x86.ActiveCfg = Release|Any CPU
		{790823F6-99B0-48BD-B5FE-F4A3DF31CB94}.Release|x86.Build.0 = Release|Any CPU
		{0F49050D-0888-42FB-86F7-782077DC007F}.Debug|Any CPU.ActiveCfg = Debug|Any CPU
		{0F49050D-0888-42FB-86F7-782077DC007F}.Debug|Any CPU.Build.0 = Debug|Any CPU
		{0F49050D-0888-42FB-86F7-782077DC007F}.Debug|x64.ActiveCfg = Debug|Any CPU
		{0F49050D-0888-42FB-86F7-782077DC007F}.Debug|x64.Build.0 = Debug|Any CPU
		{0F49050D-0888-42FB-86F7-782077DC007F}.Debug|x86.ActiveCfg = Debug|Any CPU
		{0F49050D-0888-42FB-86F7-782077DC007F}.Debug|x86.Build.0 = Debug|Any CPU
		{0F49050D-0888-42FB-86F7-782077DC007F}.Release|Any CPU.ActiveCfg = Release|Any CPU
		{0F49050D-0888-42FB-86F7-782077DC007F}.Release|Any CPU.Build.0 = Release|Any CPU
		{0F49050D-0888-42FB-86F7-782077DC007F}.Release|x64.ActiveCfg = Release|Any CPU
		{0F49050D-0888-42FB-86F7-782077DC007F}.Release|x64.Build.0 = Release|Any CPU
		{0F49050D-0888-42FB-86F7-782077DC007F}.Release|x86.ActiveCfg = Release|Any CPU
		{0F49050D-0888-42FB-86F7-782077DC007F}.Release|x86.Build.0 = Release|Any CPU
		{347FB9D8-928F-4497-ABE6-94933E8EC845}.Debug|Any CPU.ActiveCfg = Debug|Any CPU
		{347FB9D8-928F-4497-ABE6-94933E8EC845}.Debug|Any CPU.Build.0 = Debug|Any CPU
		{347FB9D8-928F-4497-ABE6-94933E8EC845}.Debug|x64.ActiveCfg = Debug|Any CPU
		{347FB9D8-928F-4497-ABE6-94933E8EC845}.Debug|x64.Build.0 = Debug|Any CPU
		{347FB9D8-928F-4497-ABE6-94933E8EC845}.Debug|x86.ActiveCfg = Debug|Any CPU
		{347FB9D8-928F-4497-ABE6-94933E8EC845}.Debug|x86.Build.0 = Debug|Any CPU
		{347FB9D8-928F-4497-ABE6-94933E8EC845}.Release|Any CPU.ActiveCfg = Release|Any CPU
		{347FB9D8-928F-4497-ABE6-94933E8EC845}.Release|Any CPU.Build.0 = Release|Any CPU
		{347FB9D8-928F-4497-ABE6-94933E8EC845}.Release|x64.ActiveCfg = Release|Any CPU
		{347FB9D8-928F-4497-ABE6-94933E8EC845}.Release|x64.Build.0 = Release|Any CPU
		{347FB9D8-928F-4497-ABE6-94933E8EC845}.Release|x86.ActiveCfg = Release|Any CPU
		{347FB9D8-928F-4497-ABE6-94933E8EC845}.Release|x86.Build.0 = Release|Any CPU
		{DEB91A68-1211-4C8C-9C10-1C3778BB924C}.Debug|Any CPU.ActiveCfg = Debug|Any CPU
		{DEB91A68-1211-4C8C-9C10-1C3778BB924C}.Debug|Any CPU.Build.0 = Debug|Any CPU
		{DEB91A68-1211-4C8C-9C10-1C3778BB924C}.Debug|x64.ActiveCfg = Debug|Any CPU
		{DEB91A68-1211-4C8C-9C10-1C3778BB924C}.Debug|x64.Build.0 = Debug|Any CPU
		{DEB91A68-1211-4C8C-9C10-1C3778BB924C}.Debug|x86.ActiveCfg = Debug|Any CPU
		{DEB91A68-1211-4C8C-9C10-1C3778BB924C}.Debug|x86.Build.0 = Debug|Any CPU
		{DEB91A68-1211-4C8C-9C10-1C3778BB924C}.Release|Any CPU.ActiveCfg = Release|Any CPU
		{DEB91A68-1211-4C8C-9C10-1C3778BB924C}.Release|Any CPU.Build.0 = Release|Any CPU
		{DEB91A68-1211-4C8C-9C10-1C3778BB924C}.Release|x64.ActiveCfg = Release|Any CPU
		{DEB91A68-1211-4C8C-9C10-1C3778BB924C}.Release|x64.Build.0 = Release|Any CPU
		{DEB91A68-1211-4C8C-9C10-1C3778BB924C}.Release|x86.ActiveCfg = Release|Any CPU
		{DEB91A68-1211-4C8C-9C10-1C3778BB924C}.Release|x86.Build.0 = Release|Any CPU
		{72AE7819-DD6E-40CF-9794-DA7605121D9D}.Debug|Any CPU.ActiveCfg = Debug|Any CPU
		{72AE7819-DD6E-40CF-9794-DA7605121D9D}.Debug|Any CPU.Build.0 = Debug|Any CPU
		{72AE7819-DD6E-40CF-9794-DA7605121D9D}.Debug|x64.ActiveCfg = Debug|Any CPU
		{72AE7819-DD6E-40CF-9794-DA7605121D9D}.Debug|x64.Build.0 = Debug|Any CPU
		{72AE7819-DD6E-40CF-9794-DA7605121D9D}.Debug|x86.ActiveCfg = Debug|Any CPU
		{72AE7819-DD6E-40CF-9794-DA7605121D9D}.Debug|x86.Build.0 = Debug|Any CPU
		{72AE7819-DD6E-40CF-9794-DA7605121D9D}.Release|Any CPU.ActiveCfg = Release|Any CPU
		{72AE7819-DD6E-40CF-9794-DA7605121D9D}.Release|Any CPU.Build.0 = Release|Any CPU
		{72AE7819-DD6E-40CF-9794-DA7605121D9D}.Release|x64.ActiveCfg = Release|Any CPU
		{72AE7819-DD6E-40CF-9794-DA7605121D9D}.Release|x64.Build.0 = Release|Any CPU
		{72AE7819-DD6E-40CF-9794-DA7605121D9D}.Release|x86.ActiveCfg = Release|Any CPU
		{72AE7819-DD6E-40CF-9794-DA7605121D9D}.Release|x86.Build.0 = Release|Any CPU
		{2A3FDE1C-CD3F-48BE-80DC-8174E136AF3C}.Debug|Any CPU.ActiveCfg = Debug|Any CPU
		{2A3FDE1C-CD3F-48BE-80DC-8174E136AF3C}.Debug|Any CPU.Build.0 = Debug|Any CPU
		{2A3FDE1C-CD3F-48BE-80DC-8174E136AF3C}.Debug|x64.ActiveCfg = Debug|Any CPU
		{2A3FDE1C-CD3F-48BE-80DC-8174E136AF3C}.Debug|x64.Build.0 = Debug|Any CPU
		{2A3FDE1C-CD3F-48BE-80DC-8174E136AF3C}.Debug|x86.ActiveCfg = Debug|Any CPU
		{2A3FDE1C-CD3F-48BE-80DC-8174E136AF3C}.Debug|x86.Build.0 = Debug|Any CPU
		{2A3FDE1C-CD3F-48BE-80DC-8174E136AF3C}.Release|Any CPU.ActiveCfg = Release|Any CPU
		{2A3FDE1C-CD3F-48BE-80DC-8174E136AF3C}.Release|Any CPU.Build.0 = Release|Any CPU
		{2A3FDE1C-CD3F-48BE-80DC-8174E136AF3C}.Release|x64.ActiveCfg = Release|Any CPU
		{2A3FDE1C-CD3F-48BE-80DC-8174E136AF3C}.Release|x64.Build.0 = Release|Any CPU
		{2A3FDE1C-CD3F-48BE-80DC-8174E136AF3C}.Release|x86.ActiveCfg = Release|Any CPU
		{2A3FDE1C-CD3F-48BE-80DC-8174E136AF3C}.Release|x86.Build.0 = Release|Any CPU
		{87D88C86-CA95-40F8-85E8-F4FFAA47E162}.Debug|Any CPU.ActiveCfg = Debug|Any CPU
		{87D88C86-CA95-40F8-85E8-F4FFAA47E162}.Debug|Any CPU.Build.0 = Debug|Any CPU
		{87D88C86-CA95-40F8-85E8-F4FFAA47E162}.Debug|x64.ActiveCfg = Debug|Any CPU
		{87D88C86-CA95-40F8-85E8-F4FFAA47E162}.Debug|x64.Build.0 = Debug|Any CPU
		{87D88C86-CA95-40F8-85E8-F4FFAA47E162}.Debug|x86.ActiveCfg = Debug|Any CPU
		{87D88C86-CA95-40F8-85E8-F4FFAA47E162}.Debug|x86.Build.0 = Debug|Any CPU
		{87D88C86-CA95-40F8-85E8-F4FFAA47E162}.Release|Any CPU.ActiveCfg = Release|Any CPU
		{87D88C86-CA95-40F8-85E8-F4FFAA47E162}.Release|Any CPU.Build.0 = Release|Any CPU
		{87D88C86-CA95-40F8-85E8-F4FFAA47E162}.Release|x64.ActiveCfg = Release|Any CPU
		{87D88C86-CA95-40F8-85E8-F4FFAA47E162}.Release|x64.Build.0 = Release|Any CPU
		{87D88C86-CA95-40F8-85E8-F4FFAA47E162}.Release|x86.ActiveCfg = Release|Any CPU
		{87D88C86-CA95-40F8-85E8-F4FFAA47E162}.Release|x86.Build.0 = Release|Any CPU
		{314F3C25-DC11-4645-AD10-C51AD4F70D06}.Debug|Any CPU.ActiveCfg = Debug|Any CPU
		{314F3C25-DC11-4645-AD10-C51AD4F70D06}.Debug|Any CPU.Build.0 = Debug|Any CPU
		{314F3C25-DC11-4645-AD10-C51AD4F70D06}.Debug|x64.ActiveCfg = Debug|Any CPU
		{314F3C25-DC11-4645-AD10-C51AD4F70D06}.Debug|x64.Build.0 = Debug|Any CPU
		{314F3C25-DC11-4645-AD10-C51AD4F70D06}.Debug|x86.ActiveCfg = Debug|Any CPU
		{314F3C25-DC11-4645-AD10-C51AD4F70D06}.Debug|x86.Build.0 = Debug|Any CPU
		{314F3C25-DC11-4645-AD10-C51AD4F70D06}.Release|Any CPU.ActiveCfg = Release|Any CPU
		{314F3C25-DC11-4645-AD10-C51AD4F70D06}.Release|Any CPU.Build.0 = Release|Any CPU
		{314F3C25-DC11-4645-AD10-C51AD4F70D06}.Release|x64.ActiveCfg = Release|Any CPU
		{314F3C25-DC11-4645-AD10-C51AD4F70D06}.Release|x64.Build.0 = Release|Any CPU
		{314F3C25-DC11-4645-AD10-C51AD4F70D06}.Release|x86.ActiveCfg = Release|Any CPU
		{314F3C25-DC11-4645-AD10-C51AD4F70D06}.Release|x86.Build.0 = Release|Any CPU
		{6652D59B-0D58-4809-ADD4-EECEF67AF3C1}.Debug|Any CPU.ActiveCfg = Debug|Any CPU
		{6652D59B-0D58-4809-ADD4-EECEF67AF3C1}.Debug|Any CPU.Build.0 = Debug|Any CPU
		{6652D59B-0D58-4809-ADD4-EECEF67AF3C1}.Debug|x64.ActiveCfg = Debug|Any CPU
		{6652D59B-0D58-4809-ADD4-EECEF67AF3C1}.Debug|x64.Build.0 = Debug|Any CPU
		{6652D59B-0D58-4809-ADD4-EECEF67AF3C1}.Debug|x86.ActiveCfg = Debug|Any CPU
		{6652D59B-0D58-4809-ADD4-EECEF67AF3C1}.Debug|x86.Build.0 = Debug|Any CPU
		{6652D59B-0D58-4809-ADD4-EECEF67AF3C1}.Release|Any CPU.ActiveCfg = Release|Any CPU
		{6652D59B-0D58-4809-ADD4-EECEF67AF3C1}.Release|Any CPU.Build.0 = Release|Any CPU
		{6652D59B-0D58-4809-ADD4-EECEF67AF3C1}.Release|x64.ActiveCfg = Release|Any CPU
		{6652D59B-0D58-4809-ADD4-EECEF67AF3C1}.Release|x64.Build.0 = Release|Any CPU
		{6652D59B-0D58-4809-ADD4-EECEF67AF3C1}.Release|x86.ActiveCfg = Release|Any CPU
		{6652D59B-0D58-4809-ADD4-EECEF67AF3C1}.Release|x86.Build.0 = Release|Any CPU
		{C9CAABBD-A708-4482-9794-B027F41E778F}.Debug|Any CPU.ActiveCfg = Debug|Any CPU
		{C9CAABBD-A708-4482-9794-B027F41E778F}.Debug|Any CPU.Build.0 = Debug|Any CPU
		{C9CAABBD-A708-4482-9794-B027F41E778F}.Debug|x64.ActiveCfg = Debug|Any CPU
		{C9CAABBD-A708-4482-9794-B027F41E778F}.Debug|x64.Build.0 = Debug|Any CPU
		{C9CAABBD-A708-4482-9794-B027F41E778F}.Debug|x86.ActiveCfg = Debug|Any CPU
		{C9CAABBD-A708-4482-9794-B027F41E778F}.Debug|x86.Build.0 = Debug|Any CPU
		{C9CAABBD-A708-4482-9794-B027F41E778F}.Release|Any CPU.ActiveCfg = Release|Any CPU
		{C9CAABBD-A708-4482-9794-B027F41E778F}.Release|Any CPU.Build.0 = Release|Any CPU
		{C9CAABBD-A708-4482-9794-B027F41E778F}.Release|x64.ActiveCfg = Release|Any CPU
		{C9CAABBD-A708-4482-9794-B027F41E778F}.Release|x64.Build.0 = Release|Any CPU
		{C9CAABBD-A708-4482-9794-B027F41E778F}.Release|x86.ActiveCfg = Release|Any CPU
		{C9CAABBD-A708-4482-9794-B027F41E778F}.Release|x86.Build.0 = Release|Any CPU
		{1ADBF001-2690-4815-A18F-496E0EE44F8D}.Debug|Any CPU.ActiveCfg = Debug|Any CPU
		{1ADBF001-2690-4815-A18F-496E0EE44F8D}.Debug|Any CPU.Build.0 = Debug|Any CPU
		{1ADBF001-2690-4815-A18F-496E0EE44F8D}.Debug|x64.ActiveCfg = Debug|Any CPU
		{1ADBF001-2690-4815-A18F-496E0EE44F8D}.Debug|x64.Build.0 = Debug|Any CPU
		{1ADBF001-2690-4815-A18F-496E0EE44F8D}.Debug|x86.ActiveCfg = Debug|Any CPU
		{1ADBF001-2690-4815-A18F-496E0EE44F8D}.Debug|x86.Build.0 = Debug|Any CPU
		{1ADBF001-2690-4815-A18F-496E0EE44F8D}.Release|Any CPU.ActiveCfg = Release|Any CPU
		{1ADBF001-2690-4815-A18F-496E0EE44F8D}.Release|Any CPU.Build.0 = Release|Any CPU
		{1ADBF001-2690-4815-A18F-496E0EE44F8D}.Release|x64.ActiveCfg = Release|Any CPU
		{1ADBF001-2690-4815-A18F-496E0EE44F8D}.Release|x64.Build.0 = Release|Any CPU
		{1ADBF001-2690-4815-A18F-496E0EE44F8D}.Release|x86.ActiveCfg = Release|Any CPU
		{1ADBF001-2690-4815-A18F-496E0EE44F8D}.Release|x86.Build.0 = Release|Any CPU
		{1F1E873B-3BF6-4903-BB13-E4ED71C1860C}.Debug|Any CPU.ActiveCfg = Debug|Any CPU
		{1F1E873B-3BF6-4903-BB13-E4ED71C1860C}.Debug|Any CPU.Build.0 = Debug|Any CPU
		{1F1E873B-3BF6-4903-BB13-E4ED71C1860C}.Debug|x64.ActiveCfg = Debug|Any CPU
		{1F1E873B-3BF6-4903-BB13-E4ED71C1860C}.Debug|x64.Build.0 = Debug|Any CPU
		{1F1E873B-3BF6-4903-BB13-E4ED71C1860C}.Debug|x86.ActiveCfg = Debug|Any CPU
		{1F1E873B-3BF6-4903-BB13-E4ED71C1860C}.Debug|x86.Build.0 = Debug|Any CPU
		{1F1E873B-3BF6-4903-BB13-E4ED71C1860C}.Release|Any CPU.ActiveCfg = Release|Any CPU
		{1F1E873B-3BF6-4903-BB13-E4ED71C1860C}.Release|Any CPU.Build.0 = Release|Any CPU
		{1F1E873B-3BF6-4903-BB13-E4ED71C1860C}.Release|x64.ActiveCfg = Release|Any CPU
		{1F1E873B-3BF6-4903-BB13-E4ED71C1860C}.Release|x64.Build.0 = Release|Any CPU
		{1F1E873B-3BF6-4903-BB13-E4ED71C1860C}.Release|x86.ActiveCfg = Release|Any CPU
		{1F1E873B-3BF6-4903-BB13-E4ED71C1860C}.Release|x86.Build.0 = Release|Any CPU
		{CA53465E-9B0F-413D-B7D2-0D4EA6E1D733}.Debug|Any CPU.ActiveCfg = Debug|Any CPU
		{CA53465E-9B0F-413D-B7D2-0D4EA6E1D733}.Debug|Any CPU.Build.0 = Debug|Any CPU
		{CA53465E-9B0F-413D-B7D2-0D4EA6E1D733}.Debug|x64.ActiveCfg = Debug|Any CPU
		{CA53465E-9B0F-413D-B7D2-0D4EA6E1D733}.Debug|x64.Build.0 = Debug|Any CPU
		{CA53465E-9B0F-413D-B7D2-0D4EA6E1D733}.Debug|x86.ActiveCfg = Debug|Any CPU
		{CA53465E-9B0F-413D-B7D2-0D4EA6E1D733}.Debug|x86.Build.0 = Debug|Any CPU
		{CA53465E-9B0F-413D-B7D2-0D4EA6E1D733}.Release|Any CPU.ActiveCfg = Release|Any CPU
		{CA53465E-9B0F-413D-B7D2-0D4EA6E1D733}.Release|Any CPU.Build.0 = Release|Any CPU
		{CA53465E-9B0F-413D-B7D2-0D4EA6E1D733}.Release|x64.ActiveCfg = Release|Any CPU
		{CA53465E-9B0F-413D-B7D2-0D4EA6E1D733}.Release|x64.Build.0 = Release|Any CPU
		{CA53465E-9B0F-413D-B7D2-0D4EA6E1D733}.Release|x86.ActiveCfg = Release|Any CPU
		{CA53465E-9B0F-413D-B7D2-0D4EA6E1D733}.Release|x86.Build.0 = Release|Any CPU
		{132E09DB-EF76-4218-86AD-EC801C520BC4}.Debug|Any CPU.ActiveCfg = Debug|Any CPU
		{132E09DB-EF76-4218-86AD-EC801C520BC4}.Debug|Any CPU.Build.0 = Debug|Any CPU
		{132E09DB-EF76-4218-86AD-EC801C520BC4}.Debug|x64.ActiveCfg = Debug|Any CPU
		{132E09DB-EF76-4218-86AD-EC801C520BC4}.Debug|x64.Build.0 = Debug|Any CPU
		{132E09DB-EF76-4218-86AD-EC801C520BC4}.Debug|x86.ActiveCfg = Debug|Any CPU
		{132E09DB-EF76-4218-86AD-EC801C520BC4}.Debug|x86.Build.0 = Debug|Any CPU
		{132E09DB-EF76-4218-86AD-EC801C520BC4}.Release|Any CPU.ActiveCfg = Release|Any CPU
		{132E09DB-EF76-4218-86AD-EC801C520BC4}.Release|Any CPU.Build.0 = Release|Any CPU
		{132E09DB-EF76-4218-86AD-EC801C520BC4}.Release|x64.ActiveCfg = Release|Any CPU
		{132E09DB-EF76-4218-86AD-EC801C520BC4}.Release|x64.Build.0 = Release|Any CPU
		{132E09DB-EF76-4218-86AD-EC801C520BC4}.Release|x86.ActiveCfg = Release|Any CPU
		{132E09DB-EF76-4218-86AD-EC801C520BC4}.Release|x86.Build.0 = Release|Any CPU
	EndGlobalSection
	GlobalSection(SolutionProperties) = preSolution
		HideSolutionNode = FALSE
	EndGlobalSection
	GlobalSection(ExtensibilityGlobals) = postSolution
		SolutionGuid = {E356541F-7E81-42B7-A7EB-77391103DF90}
	EndGlobalSection
EndGlobal
